
Microsoft Visual Studio Solution File, Format Version 12.00
# Visual Studio Version 17
VisualStudioVersion = 17.9.34714.143
MinimumVisualStudioVersion = 10.0.40219.1
Project("{FAE04EC0-301F-11D3-BF4B-00C04F79EFBC}") = "RECIPEAPP", "RECIPEAPP\RECIPEAPP.csproj", "{BFE496D7-85C2-49B4-AADA-6E6F58B2FF60}"
EndProject
Project("{FAE04EC0-301F-11D3-BF4B-00C04F79EFBC}") = "UnitTestProject1", "UnitTestProject1\UnitTestProject1.csproj", "{7B87C122-D989-4F7C-8FAF-5B257E882159}"
EndProject
Global
	GlobalSection(SolutionConfigurationPlatforms) = preSolution
		Debug|Any CPU = Debug|Any CPU
		Release|Any CPU = Release|Any CPU
	EndGlobalSection
	GlobalSection(ProjectConfigurationPlatforms) = postSolution
		{BFE496D7-85C2-49B4-AADA-6E6F58B2FF60}.Debug|Any CPU.ActiveCfg = Debug|Any CPU
		{BFE496D7-85C2-49B4-AADA-6E6F58B2FF60}.Debug|Any CPU.Build.0 = Debug|Any CPU
		{BFE496D7-85C2-49B4-AADA-6E6F58B2FF60}.Release|Any CPU.ActiveCfg = Release|Any CPU
		{BFE496D7-85C2-49B4-AADA-6E6F58B2FF60}.Release|Any CPU.Build.0 = Release|Any CPU
		{7B87C122-D989-4F7C-8FAF-5B257E882159}.Debug|Any CPU.ActiveCfg = Debug|Any CPU
		{7B87C122-D989-4F7C-8FAF-5B257E882159}.Debug|Any CPU.Build.0 = Debug|Any CPU
		{7B87C122-D989-4F7C-8FAF-5B257E882159}.Release|Any CPU.ActiveCfg = Release|Any CPU
		{7B87C122-D989-4F7C-8FAF-5B257E882159}.Release|Any CPU.Build.0 = Release|Any CPU
	EndGlobalSection
	GlobalSection(SolutionProperties) = preSolution
		HideSolutionNode = FALSE
	EndGlobalSection
	GlobalSection(ExtensibilityGlobals) = postSolution
		SolutionGuid = {946EDB20-118C-4779-A7C5-15AF5C67FA0D}
	EndGlobalSection
EndGlobal
